# This file was autogenerated by Stack.
# You should not edit this file by hand.
# For more information, please see the documentation at:
#   https://docs.haskellstack.org/en/stable/lock_files

packages: []
snapshots:
- completed:
    size: 284284
    url: https://raw.githubusercontent.com/commercialhaskell/stackage-snapshots/master/lts/3/1.yaml
    sha256: 809a32ec6fc980a87dbece1aa2e064174bf5211b06831e1727c571e872db1df4
  original: lts-3.1
